
Microsoft Visual Studio Solution File, Format Version 12.00
# Visual Studio Version 17
VisualStudioVersion = 17.8.34309.116
MinimumVisualStudioVersion = 10.0.40219.1
Project("{FAE04EC0-301F-11D3-BF4B-00C04F79EFBC}") = "AllMiniLmL6V2Sharp", "AllMiniLmL6V2Sharp\AllMiniLmL6V2Sharp.csproj", "{8860F3D2-4AF5-4489-B506-23D8F120F59B}"
EndProject
Project("{FAE04EC0-301F-11D3-BF4B-00C04F79EFBC}") = "AllMiniLmL6V2Sharp.Tests", "AllMiniLmL6V2Sharp.Tests\AllMiniLmL6V2Sharp.Tests.csproj", "{3A2B8EB6-6E3E-42C2-A5F1-A9996493280E}"
EndProject
Global
	GlobalSection(SolutionConfigurationPlatforms) = preSolution
		Debug|Any CPU = Debug|Any CPU
		Release|Any CPU = Release|Any CPU
	EndGlobalSection
	GlobalSection(ProjectConfigurationPlatforms) = postSolution
		{8860F3D2-4AF5-4489-B506-23D8F120F59B}.Debug|Any CPU.ActiveCfg = Debug|Any CPU
		{8860F3D2-4AF5-4489-B506-23D8F120F59B}.Debug|Any CPU.Build.0 = Debug|Any CPU
		{8860F3D2-4AF5-4489-B506-23D8F120F59B}.Release|Any CPU.ActiveCfg = Release|Any CPU
		{8860F3D2-4AF5-4489-B506-23D8F120F59B}.Release|Any CPU.Build.0 = Release|Any CPU
		{3A2B8EB6-6E3E-42C2-A5F1-A9996493280E}.Debug|Any CPU.ActiveCfg = Debug|Any CPU
		{3A2B8EB6-6E3E-42C2-A5F1-A9996493280E}.Debug|Any CPU.Build.0 = Debug|Any CPU
		{3A2B8EB6-6E3E-42C2-A5F1-A9996493280E}.Release|Any CPU.ActiveCfg = Release|Any CPU
		{3A2B8EB6-6E3E-42C2-A5F1-A9996493280E}.Release|Any CPU.Build.0 = Release|Any CPU
	EndGlobalSection
	GlobalSection(SolutionProperties) = preSolution
		HideSolutionNode = FALSE
	EndGlobalSection
	GlobalSection(ExtensibilityGlobals) = postSolution
		SolutionGuid = {7E823D96-9C8F-49E6-B012-5FFA05068E12}
	EndGlobalSection
EndGlobal
